
Microsoft Visual Studio Solution File, Format Version 12.00
# Visual Studio Version 16
VisualStudioVersion = 16.0.30621.155
MinimumVisualStudioVersion = 10.0.40219.1
Project("{FAE04EC0-301F-11D3-BF4B-00C04F79EFBC}") = "SimpleGame", "SimpleGame\SimpleGame.csproj", "{628F1375-84CE-4F05-A54F-CAB4634FF5F5}"
EndProject
Project("{FAE04EC0-301F-11D3-BF4B-00C04F79EFBC}") = "SimpleGameUnitTestProject", "SimpleGameUnitTestProject\SimpleGameUnitTestProject.csproj", "{04266F13-3C96-4C51-93A4-DA3EFC8B364B}"
EndProject
Global
	GlobalSection(SolutionConfigurationPlatforms) = preSolution
		Debug|Any CPU = Debug|Any CPU
		Release|Any CPU = Release|Any CPU
	EndGlobalSection
	GlobalSection(ProjectConfigurationPlatforms) = postSolution
		{628F1375-84CE-4F05-A54F-CAB4634FF5F5}.Debug|Any CPU.ActiveCfg = Debug|Any CPU
		{628F1375-84CE-4F05-A54F-CAB4634FF5F5}.Debug|Any CPU.Build.0 = Debug|Any CPU
		{628F1375-84CE-4F05-A54F-CAB4634FF5F5}.Release|Any CPU.ActiveCfg = Release|Any CPU
		{628F1375-84CE-4F05-A54F-CAB4634FF5F5}.Release|Any CPU.Build.0 = Release|Any CPU
		{04266F13-3C96-4C51-93A4-DA3EFC8B364B}.Debug|Any CPU.ActiveCfg = Debug|Any CPU
		{04266F13-3C96-4C51-93A4-DA3EFC8B364B}.Debug|Any CPU.Build.0 = Debug|Any CPU
		{04266F13-3C96-4C51-93A4-DA3EFC8B364B}.Release|Any CPU.ActiveCfg = Release|Any CPU
		{04266F13-3C96-4C51-93A4-DA3EFC8B364B}.Release|Any CPU.Build.0 = Release|Any CPU
	EndGlobalSection
	GlobalSection(SolutionProperties) = preSolution
		HideSolutionNode = FALSE
	EndGlobalSection
	GlobalSection(ExtensibilityGlobals) = postSolution
		SolutionGuid = {C2E42D18-C27B-41DD-B3B4-3815976FCBB4}
	EndGlobalSection
EndGlobal
